
Microsoft Visual Studio Solution File, Format Version 12.00
# Visual Studio 2012
Project("{FAE04EC0-301F-11D3-BF4B-00C04F79EFBC}") = "H.PrimeAutomationTests", "H.PrimeAutomationTests\H.PrimeAutomationTests.csproj", "{78AE83B8-89F5-4829-8C92-606E0CD7E054}"
EndProject
Project("{2150E333-8FDC-42A3-9474-1A3956D46DE8}") = ".nuget", ".nuget", "{7431BF18-E9FC-4CBC-BB8B-367139121CEE}"
	ProjectSection(SolutionItems) = preProject
		.nuget\packages.config = .nuget\packages.config
	EndProjectSection
EndProject
Global
	GlobalSection(SolutionConfigurationPlatforms) = preSolution
		Debug|Any CPU = Debug|Any CPU
		Release|Any CPU = Release|Any CPU
	EndGlobalSection
	GlobalSection(ProjectConfigurationPlatforms) = postSolution
		{78AE83B8-89F5-4829-8C92-606E0CD7E054}.Debug|Any CPU.ActiveCfg = Debug|Any CPU
		{78AE83B8-89F5-4829-8C92-606E0CD7E054}.Debug|Any CPU.Build.0 = Debug|Any CPU
		{78AE83B8-89F5-4829-8C92-606E0CD7E054}.Release|Any CPU.ActiveCfg = Release|Any CPU
		{78AE83B8-89F5-4829-8C92-606E0CD7E054}.Release|Any CPU.Build.0 = Release|Any CPU
	EndGlobalSection
	GlobalSection(SolutionProperties) = preSolution
		HideSolutionNode = FALSE
	EndGlobalSection
EndGlobal
